
Microsoft Visual Studio Solution File, Format Version 12.00
# Visual Studio Version 17
VisualStudioVersion = 17.2.32526.322
MinimumVisualStudioVersion = 10.0.40219.1
Project("{9A19103F-16F7-4668-BE54-9A1E7A4F7556}") = "RomanNumeralConverter", "CodeWars\RomanNumeralConverter.csproj", "{D803003F-1C33-442F-95A5-AEB370522268}"
EndProject
Project("{9A19103F-16F7-4668-BE54-9A1E7A4F7556}") = "UniqueInOrder", "UniqueInOrder\UniqueInOrder.csproj", "{667C1BD3-38BA-4499-B441-FD725B7A76B9}"
EndProject
Project("{9A19103F-16F7-4668-BE54-9A1E7A4F7556}") = "Bounce", "Bounce\Bounce.csproj", "{CB0D7A3F-C414-4C7C-870D-8CF0963AF533}"
EndProject
Project("{9A19103F-16F7-4668-BE54-9A1E7A4F7556}") = "PersistentBugger", "PersistentBugger\PersistentBugger.csproj", "{C135A4C1-5BA9-41EC-8686-DAF70F8D9749}"
EndProject
Project("{9A19103F-16F7-4668-BE54-9A1E7A4F7556}") = "SmileyCounter", "SmileyCounter\SmileyCounter.csproj", "{3164FE0E-4282-4482-B37C-D703BD537C74}"
EndProject
Project("{FAE04EC0-301F-11D3-BF4B-00C04F79EFBC}") = "Deadfish", "Deadfish\Deadfish.csproj", "{15AE3F74-1861-422F-9CDA-03DD0C8CF314}"
EndProject
Project("{FAE04EC0-301F-11D3-BF4B-00C04F79EFBC}") = "TitleCase", "TitleCase\TitleCase.csproj", "{D8E8D5F7-3077-4C61-ACE6-2A33529F685A}"
EndProject
Global
	GlobalSection(SolutionConfigurationPlatforms) = preSolution
		Debug|Any CPU = Debug|Any CPU
		Release|Any CPU = Release|Any CPU
	EndGlobalSection
	GlobalSection(ProjectConfigurationPlatforms) = postSolution
		{D803003F-1C33-442F-95A5-AEB370522268}.Debug|Any CPU.ActiveCfg = Debug|Any CPU
		{D803003F-1C33-442F-95A5-AEB370522268}.Debug|Any CPU.Build.0 = Debug|Any CPU
		{D803003F-1C33-442F-95A5-AEB370522268}.Release|Any CPU.ActiveCfg = Release|Any CPU
		{D803003F-1C33-442F-95A5-AEB370522268}.Release|Any CPU.Build.0 = Release|Any CPU
		{667C1BD3-38BA-4499-B441-FD725B7A76B9}.Debug|Any CPU.ActiveCfg = Debug|Any CPU
		{667C1BD3-38BA-4499-B441-FD725B7A76B9}.Debug|Any CPU.Build.0 = Debug|Any CPU
		{667C1BD3-38BA-4499-B441-FD725B7A76B9}.Release|Any CPU.ActiveCfg = Release|Any CPU
		{667C1BD3-38BA-4499-B441-FD725B7A76B9}.Release|Any CPU.Build.0 = Release|Any CPU
		{CB0D7A3F-C414-4C7C-870D-8CF0963AF533}.Debug|Any CPU.ActiveCfg = Debug|Any CPU
		{CB0D7A3F-C414-4C7C-870D-8CF0963AF533}.Debug|Any CPU.Build.0 = Debug|Any CPU
		{CB0D7A3F-C414-4C7C-870D-8CF0963AF533}.Release|Any CPU.ActiveCfg = Release|Any CPU
		{CB0D7A3F-C414-4C7C-870D-8CF0963AF533}.Release|Any CPU.Build.0 = Release|Any CPU
		{C135A4C1-5BA9-41EC-8686-DAF70F8D9749}.Debug|Any CPU.ActiveCfg = Debug|Any CPU
		{C135A4C1-5BA9-41EC-8686-DAF70F8D9749}.Debug|Any CPU.Build.0 = Debug|Any CPU
		{C135A4C1-5BA9-41EC-8686-DAF70F8D9749}.Release|Any CPU.ActiveCfg = Release|Any CPU
		{C135A4C1-5BA9-41EC-8686-DAF70F8D9749}.Release|Any CPU.Build.0 = Release|Any CPU
		{3164FE0E-4282-4482-B37C-D703BD537C74}.Debug|Any CPU.ActiveCfg = Debug|Any CPU
		{3164FE0E-4282-4482-B37C-D703BD537C74}.Debug|Any CPU.Build.0 = Debug|Any CPU
		{3164FE0E-4282-4482-B37C-D703BD537C74}.Release|Any CPU.ActiveCfg = Release|Any CPU
		{3164FE0E-4282-4482-B37C-D703BD537C74}.Release|Any CPU.Build.0 = Release|Any CPU
		{15AE3F74-1861-422F-9CDA-03DD0C8CF314}.Debug|Any CPU.ActiveCfg = Debug|Any CPU
		{15AE3F74-1861-422F-9CDA-03DD0C8CF314}.Debug|Any CPU.Build.0 = Debug|Any CPU
		{15AE3F74-1861-422F-9CDA-03DD0C8CF314}.Release|Any CPU.ActiveCfg = Release|Any CPU
		{15AE3F74-1861-422F-9CDA-03DD0C8CF314}.Release|Any CPU.Build.0 = Release|Any CPU
		{D8E8D5F7-3077-4C61-ACE6-2A33529F685A}.Debug|Any CPU.ActiveCfg = Debug|Any CPU
		{D8E8D5F7-3077-4C61-ACE6-2A33529F685A}.Debug|Any CPU.Build.0 = Debug|Any CPU
		{D8E8D5F7-3077-4C61-ACE6-2A33529F685A}.Release|Any CPU.ActiveCfg = Release|Any CPU
		{D8E8D5F7-3077-4C61-ACE6-2A33529F685A}.Release|Any CPU.Build.0 = Release|Any CPU
	EndGlobalSection
	GlobalSection(SolutionProperties) = preSolution
		HideSolutionNode = FALSE
	EndGlobalSection
	GlobalSection(ExtensibilityGlobals) = postSolution
		SolutionGuid = {32F048FC-5180-4DF5-AD6E-6FE2B06BEC70}
	EndGlobalSection
EndGlobal
